
Microsoft Visual Studio Solution File, Format Version 12.00
# Visual Studio Version 17
VisualStudioVersion = 17.8.34511.84
MinimumVisualStudioVersion = 10.0.40219.1
Project("{9A19103F-16F7-4668-BE54-9A1E7A4F7556}") = "SyncfusionBlazorApp1", "SyncfusionBlazorApp1\SyncfusionBlazorApp1.csproj", "{8FC3AC32-764E-4346-8A3E-386D77925D67}"
EndProject
Project("{9A19103F-16F7-4668-BE54-9A1E7A4F7556}") = "SyncfusionTroubleshoot", "..\..\SyncfusionTroubleshoot52249890\SyncfusionTroubleshoot\SyncfusionTroubleshoot.csproj", "{E9BE6111-FE28-4489-A426-55A9DF6372F2}"
EndProject
Global
	GlobalSection(SolutionConfigurationPlatforms) = preSolution
		Debug|Any CPU = Debug|Any CPU
		Release|Any CPU = Release|Any CPU
	EndGlobalSection
	GlobalSection(ProjectConfigurationPlatforms) = postSolution
		{8FC3AC32-764E-4346-8A3E-386D77925D67}.Debug|Any CPU.ActiveCfg = Debug|Any CPU
		{8FC3AC32-764E-4346-8A3E-386D77925D67}.Debug|Any CPU.Build.0 = Debug|Any CPU
		{8FC3AC32-764E-4346-8A3E-386D77925D67}.Release|Any CPU.ActiveCfg = Release|Any CPU
		{8FC3AC32-764E-4346-8A3E-386D77925D67}.Release|Any CPU.Build.0 = Release|Any CPU
		{E9BE6111-FE28-4489-A426-55A9DF6372F2}.Debug|Any CPU.ActiveCfg = Debug|Any CPU
		{E9BE6111-FE28-4489-A426-55A9DF6372F2}.Debug|Any CPU.Build.0 = Debug|Any CPU
		{E9BE6111-FE28-4489-A426-55A9DF6372F2}.Release|Any CPU.ActiveCfg = Release|Any CPU
		{E9BE6111-FE28-4489-A426-55A9DF6372F2}.Release|Any CPU.Build.0 = Release|Any CPU
	EndGlobalSection
	GlobalSection(SolutionProperties) = preSolution
		HideSolutionNode = FALSE
	EndGlobalSection
	GlobalSection(ExtensibilityGlobals) = postSolution
		SolutionGuid = {65C944CB-224E-48D2-8F7B-56401D882B14}
	EndGlobalSection
EndGlobal
